// !$*UTF8*$!
{
	archiveVersion = 1;
	classes = {
	};
	objectVersion = 56;
	objects = {

/* Begin PBXBuildFile section */
		F4C139F62BF791EC000C5214 /* Journal_ieApp.swift in Sources */ = {isa = PBXBuildFile; fileRef = F4C139F52BF791EC000C5214 /* Journal_ieApp.swift */; };
		F4C139FA2BF791ED000C5214 /* Assets.xcassets in Resources */ = {isa = PBXBuildFile; fileRef = F4C139F92BF791ED000C5214 /* Assets.xcassets */; };
		F4C139FD2BF791ED000C5214 /* Preview Assets.xcassets in Resources */ = {isa = PBXBuildFile; fileRef = F4C139FC2BF791ED000C5214 /* Preview Assets.xcassets */; };
		F4C13A062BF7926C000C5214 /* JournalAPI.swift in Sources */ = {isa = PBXBuildFile; fileRef = F4C13A052BF7926C000C5214 /* JournalAPI.swift */; };
		F4C13A082BF79280000C5214 /* JournalAPIProtocol.swift in Sources */ = {isa = PBXBuildFile; fileRef = F4C13A072BF79280000C5214 /* JournalAPIProtocol.swift */; };
		F4C13A0A2BF7943E000C5214 /* Endpoint.swift in Sources */ = {isa = PBXBuildFile; fileRef = F4C13A092BF7943E000C5214 /* Endpoint.swift */; };
		F4C13A0D2BF7A962000C5214 /* RiverResponseModel.swift in Sources */ = {isa = PBXBuildFile; fileRef = F4C13A0C2BF7A962000C5214 /* RiverResponseModel.swift */; };
		F4C13A0F2BF7A987000C5214 /* ArticleModel.swift in Sources */ = {isa = PBXBuildFile; fileRef = F4C13A0E2BF7A987000C5214 /* ArticleModel.swift */; };
		F4C13A112BF7AAAB000C5214 /* ImageInfoModel.swift in Sources */ = {isa = PBXBuildFile; fileRef = F4C13A102BF7AAAB000C5214 /* ImageInfoModel.swift */; };
		F4C13A132BF7AC69000C5214 /* ArticlesRiverViewModel.swift in Sources */ = {isa = PBXBuildFile; fileRef = F4C13A122BF7AC69000C5214 /* ArticlesRiverViewModel.swift */; };
		F4C13A152BF7EB74000C5214 /* ArticlesRiverView.swift in Sources */ = {isa = PBXBuildFile; fileRef = F4C13A142BF7EB74000C5214 /* ArticlesRiverView.swift */; };
		F4C13A172BF85BDE000C5214 /* ErrorView.swift in Sources */ = {isa = PBXBuildFile; fileRef = F4C13A162BF85BDE000C5214 /* ErrorView.swift */; };
		F4C13A192BF85DEA000C5214 /* ArticleCell.swift in Sources */ = {isa = PBXBuildFile; fileRef = F4C13A182BF85DEA000C5214 /* ArticleCell.swift */; };
		F4C13A1B2BF86122000C5214 /* TagsView.swift in Sources */ = {isa = PBXBuildFile; fileRef = F4C13A1A2BF86122000C5214 /* TagsView.swift */; };
		F4C13A1D2BF86680000C5214 /* Router.swift in Sources */ = {isa = PBXBuildFile; fileRef = F4C13A1C2BF86680000C5214 /* Router.swift */; };
		F4C13A222BF868AE000C5214 /* ArticleView.swift in Sources */ = {isa = PBXBuildFile; fileRef = F4C13A212BF868AE000C5214 /* ArticleView.swift */; };
		F4C13A262BFA3E95000C5214 /* NavHeaderView.swift in Sources */ = {isa = PBXBuildFile; fileRef = F4C13A252BFA3E95000C5214 /* NavHeaderView.swift */; };
/* End PBXBuildFile section */

/* Begin PBXFileReference section */
		F4C139F22BF791EC000C5214 /* Journal.ie.app */ = {isa = PBXFileReference; explicitFileType = wrapper.application; includeInIndex = 0; path = Journal.ie.app; sourceTree = BUILT_PRODUCTS_DIR; };
		F4C139F52BF791EC000C5214 /* Journal_ieApp.swift */ = {isa = PBXFileReference; lastKnownFileType = sourcecode.swift; path = Journal_ieApp.swift; sourceTree = "<group>"; };
		F4C139F92BF791ED000C5214 /* Assets.xcassets */ = {isa = PBXFileReference; lastKnownFileType = folder.assetcatalog; path = Assets.xcassets; sourceTree = "<group>"; };
		F4C139FC2BF791ED000C5214 /* Preview Assets.xcassets */ = {isa = PBXFileReference; lastKnownFileType = folder.assetcatalog; path = "Preview Assets.xcassets"; sourceTree = "<group>"; };
		F4C13A052BF7926C000C5214 /* JournalAPI.swift */ = {isa = PBXFileReference; lastKnownFileType = sourcecode.swift; path = JournalAPI.swift; sourceTree = "<group>"; };
		F4C13A072BF79280000C5214 /* JournalAPIProtocol.swift */ = {isa = PBXFileReference; lastKnownFileType = sourcecode.swift; path = JournalAPIProtocol.swift; sourceTree = "<group>"; };
		F4C13A092BF7943E000C5214 /* Endpoint.swift */ = {isa = PBXFileReference; lastKnownFileType = sourcecode.swift; path = Endpoint.swift; sourceTree = "<group>"; };
		F4C13A0C2BF7A962000C5214 /* RiverResponseModel.swift */ = {isa = PBXFileReference; lastKnownFileType = sourcecode.swift; path = RiverResponseModel.swift; sourceTree = "<group>"; };
		F4C13A0E2BF7A987000C5214 /* ArticleModel.swift */ = {isa = PBXFileReference; lastKnownFileType = sourcecode.swift; path = ArticleModel.swift; sourceTree = "<group>"; };
		F4C13A102BF7AAAB000C5214 /* ImageInfoModel.swift */ = {isa = PBXFileReference; lastKnownFileType = sourcecode.swift; path = ImageInfoModel.swift; sourceTree = "<group>"; };
		F4C13A122BF7AC69000C5214 /* ArticlesRiverViewModel.swift */ = {isa = PBXFileReference; lastKnownFileType = sourcecode.swift; path = ArticlesRiverViewModel.swift; sourceTree = "<group>"; };
		F4C13A142BF7EB74000C5214 /* ArticlesRiverView.swift */ = {isa = PBXFileReference; lastKnownFileType = sourcecode.swift; path = ArticlesRiverView.swift; sourceTree = "<group>"; };
		F4C13A162BF85BDE000C5214 /* ErrorView.swift */ = {isa = PBXFileReference; lastKnownFileType = sourcecode.swift; path = ErrorView.swift; sourceTree = "<group>"; };
		F4C13A182BF85DEA000C5214 /* ArticleCell.swift */ = {isa = PBXFileReference; lastKnownFileType = sourcecode.swift; path = ArticleCell.swift; sourceTree = "<group>"; };
		F4C13A1A2BF86122000C5214 /* TagsView.swift */ = {isa = PBXFileReference; lastKnownFileType = sourcecode.swift; path = TagsView.swift; sourceTree = "<group>"; };
		F4C13A1C2BF86680000C5214 /* Router.swift */ = {isa = PBXFileReference; lastKnownFileType = sourcecode.swift; path = Router.swift; sourceTree = "<group>"; };
		F4C13A212BF868AE000C5214 /* ArticleView.swift */ = {isa = PBXFileReference; lastKnownFileType = sourcecode.swift; path = ArticleView.swift; sourceTree = "<group>"; };
		F4C13A252BFA3E95000C5214 /* NavHeaderView.swift */ = {isa = PBXFileReference; lastKnownFileType = sourcecode.swift; path = NavHeaderView.swift; sourceTree = "<group>"; };
/* End PBXFileReference section */

/* Begin PBXFrameworksBuildPhase section */
		F4C139EF2BF791EC000C5214 /* Frameworks */ = {
			isa = PBXFrameworksBuildPhase;
			buildActionMask = 2147483647;
			files = (
			);
			runOnlyForDeploymentPostprocessing = 0;
		};
/* End PBXFrameworksBuildPhase section */

/* Begin PBXGroup section */
		F4C139E92BF791EC000C5214 = {
			isa = PBXGroup;
			children = (
				F4C139F42BF791EC000C5214 /* Journal.ie */,
				F4C139F32BF791EC000C5214 /* Products */,
			);
			sourceTree = "<group>";
		};
		F4C139F32BF791EC000C5214 /* Products */ = {
			isa = PBXGroup;
			children = (
				F4C139F22BF791EC000C5214 /* Journal.ie.app */,
			);
			name = Products;
			sourceTree = "<group>";
		};
		F4C139F42BF791EC000C5214 /* Journal.ie */ = {
			isa = PBXGroup;
			children = (
				F4C13A032BF79204000C5214 /* ArticlesRiverComponent */,
				F4C13A1E2BF86874000C5214 /* ArticleComponent */,
				F4C13A0B2BF7A94E000C5214 /* Models */,
				F4C13A042BF7923D000C5214 /* APIService */,
				F4C13A292BFA4662000C5214 /* Router */,
				F4C139F52BF791EC000C5214 /* Journal_ieApp.swift */,
				F4C139F92BF791ED000C5214 /* Assets.xcassets */,
				F4C139FB2BF791ED000C5214 /* Preview Content */,
			);
			path = Journal.ie;
			sourceTree = "<group>";
		};
		F4C139FB2BF791ED000C5214 /* Preview Content */ = {
			isa = PBXGroup;
			children = (
				F4C139FC2BF791ED000C5214 /* Preview Assets.xcassets */,
			);
			path = "Preview Content";
			sourceTree = "<group>";
		};
		F4C13A032BF79204000C5214 /* ArticlesRiverComponent */ = {
			isa = PBXGroup;
			children = (
				F4C13A122BF7AC69000C5214 /* ArticlesRiverViewModel.swift */,
				F4C13A142BF7EB74000C5214 /* ArticlesRiverView.swift */,
				F4C13A162BF85BDE000C5214 /* ErrorView.swift */,
				F4C13A182BF85DEA000C5214 /* ArticleCell.swift */,
				F4C13A1A2BF86122000C5214 /* TagsView.swift */,
				F4C13A252BFA3E95000C5214 /* NavHeaderView.swift */,
			);
			path = ArticlesRiverComponent;
			sourceTree = "<group>";
		};
		F4C13A042BF7923D000C5214 /* APIService */ = {
			isa = PBXGroup;
			children = (
				F4C13A052BF7926C000C5214 /* JournalAPI.swift */,
				F4C13A072BF79280000C5214 /* JournalAPIProtocol.swift */,
				F4C13A092BF7943E000C5214 /* Endpoint.swift */,
			);
			path = APIService;
			sourceTree = "<group>";
		};
		F4C13A0B2BF7A94E000C5214 /* Models */ = {
			isa = PBXGroup;
			children = (
				F4C13A0C2BF7A962000C5214 /* RiverResponseModel.swift */,
				F4C13A0E2BF7A987000C5214 /* ArticleModel.swift */,
				F4C13A102BF7AAAB000C5214 /* ImageInfoModel.swift */,
			);
			path = Models;
			sourceTree = "<group>";
		};
		F4C13A1E2BF86874000C5214 /* ArticleComponent */ = {
			isa = PBXGroup;
			children = (
				F4C13A212BF868AE000C5214 /* ArticleView.swift */,
			);
			path = ArticleComponent;
			sourceTree = "<group>";
		};
		F4C13A292BFA4662000C5214 /* Router */ = {
			isa = PBXGroup;
			children = (
				F4C13A1C2BF86680000C5214 /* Router.swift */,
			);
			path = Router;
			sourceTree = "<group>";
		};
/* End PBXGroup section */

/* Begin PBXNativeTarget section */
		F4C139F12BF791EC000C5214 /* Journal.ie */ = {
			isa = PBXNativeTarget;
			buildConfigurationList = F4C13A002BF791ED000C5214 /* Build configuration list for PBXNativeTarget "Journal.ie" */;
			buildPhases = (
				F4C139EE2BF791EC000C5214 /* Sources */,
				F4C139EF2BF791EC000C5214 /* Frameworks */,
				F4C139F02BF791EC000C5214 /* Resources */,
			);
			buildRules = (
			);
			dependencies = (
			);
			name = Journal.ie;
			productName = Journal.ie;
			productReference = F4C139F22BF791EC000C5214 /* Journal.ie.app */;
			productType = "com.apple.product-type.application";
		};
/* End PBXNativeTarget section */

/* Begin PBXProject section */
		F4C139EA2BF791EC000C5214 /* Project object */ = {
			isa = PBXProject;
			attributes = {
				BuildIndependentTargetsInParallel = 1;
				LastSwiftUpdateCheck = 1530;
				LastUpgradeCheck = 1530;
				TargetAttributes = {
					F4C139F12BF791EC000C5214 = {
						CreatedOnToolsVersion = 15.3;
					};
				};
			};
			buildConfigurationList = F4C139ED2BF791EC000C5214 /* Build configuration list for PBXProject "Journal.ie" */;
			compatibilityVersion = "Xcode 14.0";
			developmentRegion = en;
			hasScannedForEncodings = 0;
			knownRegions = (
				en,
				Base,
			);
			mainGroup = F4C139E92BF791EC000C5214;
			productRefGroup = F4C139F32BF791EC000C5214 /* Products */;
			projectDirPath = "";
			projectRoot = "";
			targets = (
				F4C139F12BF791EC000C5214 /* Journal.ie */,
			);
		};
/* End PBXProject section */

/* Begin PBXResourcesBuildPhase section */
		F4C139F02BF791EC000C5214 /* Resources */ = {
			isa = PBXResourcesBuildPhase;
			buildActionMask = 2147483647;
			files = (
				F4C139FD2BF791ED000C5214 /* Preview Assets.xcassets in Resources */,
				F4C139FA2BF791ED000C5214 /* Assets.xcassets in Resources */,
			);
			runOnlyForDeploymentPostprocessing = 0;
		};
/* End PBXResourcesBuildPhase section */

/* Begin PBXSourcesBuildPhase section */
		F4C139EE2BF791EC000C5214 /* Sources */ = {
			isa = PBXSourcesBuildPhase;
			buildActionMask = 2147483647;
			files = (
				F4C13A062BF7926C000C5214 /* JournalAPI.swift in Sources */,
				F4C13A152BF7EB74000C5214 /* ArticlesRiverView.swift in Sources */,
				F4C13A082BF79280000C5214 /* JournalAPIProtocol.swift in Sources */,
				F4C13A0D2BF7A962000C5214 /* RiverResponseModel.swift in Sources */,
				F4C13A262BFA3E95000C5214 /* NavHeaderView.swift in Sources */,
				F4C13A1B2BF86122000C5214 /* TagsView.swift in Sources */,
				F4C139F62BF791EC000C5214 /* Journal_ieApp.swift in Sources */,
				F4C13A222BF868AE000C5214 /* ArticleView.swift in Sources */,
				F4C13A132BF7AC69000C5214 /* ArticlesRiverViewModel.swift in Sources */,
				F4C13A0F2BF7A987000C5214 /* ArticleModel.swift in Sources */,
				F4C13A192BF85DEA000C5214 /* ArticleCell.swift in Sources */,
				F4C13A1D2BF86680000C5214 /* Router.swift in Sources */,
				F4C13A0A2BF7943E000C5214 /* Endpoint.swift in Sources */,
				F4C13A112BF7AAAB000C5214 /* ImageInfoModel.swift in Sources */,
				F4C13A172BF85BDE000C5214 /* ErrorView.swift in Sources */,
			);
			runOnlyForDeploymentPostprocessing = 0;
		};
/* End PBXSourcesBuildPhase section */

/* Begin XCBuildConfiguration section */
		F4C139FE2BF791ED000C5214 /* Debug */ = {
			isa = XCBuildConfiguration;
			buildSettings = {
				ALWAYS_SEARCH_USER_PATHS = NO;
				ASSETCATALOG_COMPILER_GENERATE_SWIFT_ASSET_SYMBOL_EXTENSIONS = YES;
				CLANG_ANALYZER_NONNULL = YES;
				CLANG_ANALYZER_NUMBER_OBJECT_CONVERSION = YES_AGGRESSIVE;
				CLANG_CXX_LANGUAGE_STANDARD = "gnu++20";
				CLANG_ENABLE_MODULES = YES;
				CLANG_ENABLE_OBJC_ARC = YES;
				CLANG_ENABLE_OBJC_WEAK = YES;
				CLANG_WARN_BLOCK_CAPTURE_AUTORELEASING = YES;
				CLANG_WARN_BOOL_CONVERSION = YES;
				CLANG_WARN_COMMA = YES;
				CLANG_WARN_CONSTANT_CONVERSION = YES;
				CLANG_WARN_DEPRECATED_OBJC_IMPLEMENTATIONS = YES;
				CLANG_WARN_DIRECT_OBJC_ISA_USAGE = YES_ERROR;
				CLANG_WARN_DOCUMENTATION_COMMENTS = YES;
				CLANG_WARN_EMPTY_BODY = YES;
				CLANG_WARN_ENUM_CONVERSION = YES;
				CLANG_WARN_INFINITE_RECURSION = YES;
				CLANG_WARN_INT_CONVERSION = YES;
				CLANG_WARN_NON_LITERAL_NULL_CONVERSION = YES;
				CLANG_WARN_OBJC_IMPLICIT_RETAIN_SELF = YES;
				CLANG_WARN_OBJC_LITERAL_CONVERSION = YES;
				CLANG_WARN_OBJC_ROOT_CLASS = YES_ERROR;
				CLANG_WARN_QUOTED_INCLUDE_IN_FRAMEWORK_HEADER = YES;
				CLANG_WARN_RANGE_LOOP_ANALYSIS = YES;
				CLANG_WARN_STRICT_PROTOTYPES = YES;
				CLANG_WARN_SUSPICIOUS_MOVE = YES;
				CLANG_WARN_UNGUARDED_AVAILABILITY = YES_AGGRESSIVE;
				CLANG_WARN_UNREACHABLE_CODE = YES;
				CLANG_WARN__DUPLICATE_METHOD_MATCH = YES;
				COPY_PHASE_STRIP = NO;
				DEBUG_INFORMATION_FORMAT = dwarf;
				ENABLE_STRICT_OBJC_MSGSEND = YES;
				ENABLE_TESTABILITY = YES;
				ENABLE_USER_SCRIPT_SANDBOXING = YES;
				GCC_C_LANGUAGE_STANDARD = gnu17;
				GCC_DYNAMIC_NO_PIC = NO;
				GCC_NO_COMMON_BLOCKS = YES;
				GCC_OPTIMIZATION_LEVEL = 0;
				GCC_PREPROCESSOR_DEFINITIONS = (
					"DEBUG=1",
					"$(inherited)",
				);
				GCC_WARN_64_TO_32_BIT_CONVERSION = YES;
				GCC_WARN_ABOUT_RETURN_TYPE = YES_ERROR;
				GCC_WARN_UNDECLARED_SELECTOR = YES;
				GCC_WARN_UNINITIALIZED_AUTOS = YES_AGGRESSIVE;
				GCC_WARN_UNUSED_FUNCTION = YES;
				GCC_WARN_UNUSED_VARIABLE = YES;
				IPHONEOS_DEPLOYMENT_TARGET = 17.4;
				LOCALIZATION_PREFERS_STRING_CATALOGS = YES;
				MTL_ENABLE_DEBUG_INFO = INCLUDE_SOURCE;
				MTL_FAST_MATH = YES;
				ONLY_ACTIVE_ARCH = YES;
				SDKROOT = iphoneos;
				SWIFT_ACTIVE_COMPILATION_CONDITIONS = "DEBUG $(inherited)";
				SWIFT_OPTIMIZATION_LEVEL = "-Onone";
			};
			name = Debug;
		};
		F4C139FF2BF791ED000C5214 /* Release */ = {
			isa = XCBuildConfiguration;
			buildSettings = {
				ALWAYS_SEARCH_USER_PATHS = NO;
				ASSETCATALOG_COMPILER_GENERATE_SWIFT_ASSET_SYMBOL_EXTENSIONS = YES;
				CLANG_ANALYZER_NONNULL = YES;
				CLANG_ANALYZER_NUMBER_OBJECT_CONVERSION = YES_AGGRESSIVE;
				CLANG_CXX_LANGUAGE_STANDARD = "gnu++20";
				CLANG_ENABLE_MODULES = YES;
				CLANG_ENABLE_OBJC_ARC = YES;
				CLANG_ENABLE_OBJC_WEAK = YES;
				CLANG_WARN_BLOCK_CAPTURE_AUTORELEASING = YES;
				CLANG_WARN_BOOL_CONVERSION = YES;
				CLANG_WARN_COMMA = YES;
				CLANG_WARN_CONSTANT_CONVERSION = YES;
				CLANG_WARN_DEPRECATED_OBJC_IMPLEMENTATIONS = YES;
				CLANG_WARN_DIRECT_OBJC_ISA_USAGE = YES_ERROR;
				CLANG_WARN_DOCUMENTATION_COMMENTS = YES;
				CLANG_WARN_EMPTY_BODY = YES;
				CLANG_WARN_ENUM_CONVERSION = YES;
				CLANG_WARN_INFINITE_RECURSION = YES;
				CLANG_WARN_INT_CONVERSION = YES;
				CLANG_WARN_NON_LITERAL_NULL_CONVERSION = YES;
				CLANG_WARN_OBJC_IMPLICIT_RETAIN_SELF = YES;
				CLANG_WARN_OBJC_LITERAL_CONVERSION = YES;
				CLANG_WARN_OBJC_ROOT_CLASS = YES_ERROR;
				CLANG_WARN_QUOTED_INCLUDE_IN_FRAMEWORK_HEADER = YES;
				CLANG_WARN_RANGE_LOOP_ANALYSIS = YES;
				CLANG_WARN_STRICT_PROTOTYPES = YES;
				CLANG_WARN_SUSPICIOUS_MOVE = YES;
				CLANG_WARN_UNGUARDED_AVAILABILITY = YES_AGGRESSIVE;
				CLANG_WARN_UNREACHABLE_CODE = YES;
				CLANG_WARN__DUPLICATE_METHOD_MATCH = YES;
				COPY_PHASE_STRIP = NO;
				DEBUG_INFORMATION_FORMAT = "dwarf-with-dsym";
				ENABLE_NS_ASSERTIONS = NO;
				ENABLE_STRICT_OBJC_MSGSEND = YES;
				ENABLE_USER_SCRIPT_SANDBOXING = YES;
				GCC_C_LANGUAGE_STANDARD = gnu17;
				GCC_NO_COMMON_BLOCKS = YES;
				GCC_WARN_64_TO_32_BIT_CONVERSION = YES;
				GCC_WARN_ABOUT_RETURN_TYPE = YES_ERROR;
				GCC_WARN_UNDECLARED_SELECTOR = YES;
				GCC_WARN_UNINITIALIZED_AUTOS = YES_AGGRESSIVE;
				GCC_WARN_UNUSED_FUNCTION = YES;
				GCC_WARN_UNUSED_VARIABLE = YES;
				IPHONEOS_DEPLOYMENT_TARGET = 17.4;
				LOCALIZATION_PREFERS_STRING_CATALOGS = YES;
				MTL_ENABLE_DEBUG_INFO = NO;
				MTL_FAST_MATH = YES;
				SDKROOT = iphoneos;
				SWIFT_COMPILATION_MODE = wholemodule;
				VALIDATE_PRODUCT = YES;
			};
			name = Release;
		};
		F4C13A012BF791ED000C5214 /* Debug */ = {
			isa = XCBuildConfiguration;
			buildSettings = {
				ASSETCATALOG_COMPILER_APPICON_NAME = AppIcon;
				ASSETCATALOG_COMPILER_GLOBAL_ACCENT_COLOR_NAME = AccentColor;
				CODE_SIGN_STYLE = Automatic;
				CURRENT_PROJECT_VERSION = 1;
				DEVELOPMENT_ASSET_PATHS = "\"Journal.ie/Preview Content\"";
				DEVELOPMENT_TEAM = 3W673H6MAW;
				ENABLE_PREVIEWS = YES;
				GENERATE_INFOPLIST_FILE = YES;
				INFOPLIST_KEY_UIApplicationSceneManifest_Generation = YES;
				INFOPLIST_KEY_UIApplicationSupportsIndirectInputEvents = YES;
				INFOPLIST_KEY_UILaunchScreen_Generation = YES;
				INFOPLIST_KEY_UISupportedInterfaceOrientations_iPad = "UIInterfaceOrientationPortrait UIInterfaceOrientationPortraitUpsideDown UIInterfaceOrientationLandscapeLeft UIInterfaceOrientationLandscapeRight";
				INFOPLIST_KEY_UISupportedInterfaceOrientations_iPhone = "UIInterfaceOrientationPortrait UIInterfaceOrientationLandscapeLeft UIInterfaceOrientationLandscapeRight";
				IPHONEOS_DEPLOYMENT_TARGET = 16.0;
				LD_RUNPATH_SEARCH_PATHS = (
					"$(inherited)",
					"@executable_path/Frameworks",
				);
				MARKETING_VERSION = 1.0;
				PRODUCT_BUNDLE_IDENTIFIER = "com.lacucha.Journal-ie";
				PRODUCT_NAME = "$(TARGET_NAME)";
				SWIFT_EMIT_LOC_STRINGS = YES;
				SWIFT_VERSION = 5.0;
				TARGETED_DEVICE_FAMILY = "1,2";
			};
			name = Debug;
		};
		F4C13A022BF791ED000C5214 /* Release */ = {
			isa = XCBuildConfiguration;
			buildSettings = {
				ASSETCATALOG_COMPILER_APPICON_NAME = AppIcon;
				ASSETCATALOG_COMPILER_GLOBAL_ACCENT_COLOR_NAME = AccentColor;
				CODE_SIGN_STYLE = Automatic;
				CURRENT_PROJECT_VERSION = 1;
				DEVELOPMENT_ASSET_PATHS = "\"Journal.ie/Preview Content\"";
				DEVELOPMENT_TEAM = 3W673H6MAW;
				ENABLE_PREVIEWS = YES;
				GENERATE_INFOPLIST_FILE = YES;
				INFOPLIST_KEY_UIApplicationSceneManifest_Generation = YES;
				INFOPLIST_KEY_UIApplicationSupportsIndirectInputEvents = YES;
				INFOPLIST_KEY_UILaunchScreen_Generation = YES;
				INFOPLIST_KEY_UISupportedInterfaceOrientations_iPad = "UIInterfaceOrientationPortrait UIInterfaceOrientationPortraitUpsideDown UIInterfaceOrientationLandscapeLeft UIInterfaceOrientationLandscapeRight";
				INFOPLIST_KEY_UISupportedInterfaceOrientations_iPhone = "UIInterfaceOrientationPortrait UIInterfaceOrientationLandscapeLeft UIInterfaceOrientationLandscapeRight";
				IPHONEOS_DEPLOYMENT_TARGET = 16.0;
				LD_RUNPATH_SEARCH_PATHS = (
					"$(inherited)",
					"@executable_path/Frameworks",
				);
				MARKETING_VERSION = 1.0;
				PRODUCT_BUNDLE_IDENTIFIER = "com.lacucha.Journal-ie";
				PRODUCT_NAME = "$(TARGET_NAME)";
				SWIFT_EMIT_LOC_STRINGS = YES;
				SWIFT_VERSION = 5.0;
				TARGETED_DEVICE_FAMILY = "1,2";
			};
			name = Release;
		};
/* End XCBuildConfiguration section */

/* Begin XCConfigurationList section */
		F4C139ED2BF791EC000C5214 /* Build configuration list for PBXProject "Journal.ie" */ = {
			isa = XCConfigurationList;
			buildConfigurations = (
				F4C139FE2BF791ED000C5214 /* Debug */,
				F4C139FF2BF791ED000C5214 /* Release */,
			);
			defaultConfigurationIsVisible = 0;
			defaultConfigurationName = Release;
		};
		F4C13A002BF791ED000C5214 /* Build configuration list for PBXNativeTarget "Journal.ie" */ = {
			isa = XCConfigurationList;
			buildConfigurations = (
				F4C13A012BF791ED000C5214 /* Debug */,
				F4C13A022BF791ED000C5214 /* Release */,
			);
			defaultConfigurationIsVisible = 0;
			defaultConfigurationName = Release;
		};
/* End XCConfigurationList section */
	};
	rootObject = F4C139EA2BF791EC000C5214 /* Project object */;
}
